// !$*UTF8*$!
{
	archiveVersion = 1;
	classes = {
	};
	objectVersion = 50;
	objects = {

/* Begin PBXBuildFile section */
		8DD8B17622E14EDB004B3608 /* AppDelegate.swift in Sources */ = {isa = PBXBuildFile; fileRef = 8DD8B17522E14EDB004B3608 /* AppDelegate.swift */; };
		8DD8B17B22E14EDB004B3608 /* Main.storyboard in Resources */ = {isa = PBXBuildFile; fileRef = 8DD8B17922E14EDB004B3608 /* Main.storyboard */; };
		8DD8B17D22E14EDC004B3608 /* Assets.xcassets in Resources */ = {isa = PBXBuildFile; fileRef = 8DD8B17C22E14EDC004B3608 /* Assets.xcassets */; };
		8DD8B18022E14EDC004B3608 /* LaunchScreen.storyboard in Resources */ = {isa = PBXBuildFile; fileRef = 8DD8B17E22E14EDC004B3608 /* LaunchScreen.storyboard */; };
		8DD8B18B22E14EDC004B3608 /* Field_SurveyTests.swift in Sources */ = {isa = PBXBuildFile; fileRef = 8DD8B18A22E14EDC004B3608 /* Field_SurveyTests.swift */; };
		8DD8B19622E14EDC004B3608 /* Field_SurveyUITests.swift in Sources */ = {isa = PBXBuildFile; fileRef = 8DD8B19522E14EDC004B3608 /* Field_SurveyUITests.swift */; };
		8DD8B1A422E1542F004B3608 /* FieldSurveyViewController.swift in Sources */ = {isa = PBXBuildFile; fileRef = 8DD8B1A322E1542F004B3608 /* FieldSurveyViewController.swift */; };
		8DD8B1A622E1546C004B3608 /* FieldSurveyDetailViewController.swift in Sources */ = {isa = PBXBuildFile; fileRef = 8DD8B1A522E1546C004B3608 /* FieldSurveyDetailViewController.swift */; };
		8DD8B1AA22E15D1B004B3608 /* FieldSurveyDetailViewController.swift in Sources */ = {isa = PBXBuildFile; fileRef = 8DD8B1A522E1546C004B3608 /* FieldSurveyDetailViewController.swift */; };
		8DD8B1AC22E16029004B3608 /* FieldSurveyTableViewCell.swift in Sources */ = {isa = PBXBuildFile; fileRef = 8DD8B1AB22E16029004B3608 /* FieldSurveyTableViewCell.swift */; };
		8DD8B1B022E1646E004B3608 /* field_observations.json in Resources */ = {isa = PBXBuildFile; fileRef = 8DD8B1AE22E1646E004B3608 /* field_observations.json */; };
		8DD8B1B322E164B7004B3608 /* FieldSurveyJSONLoader.swift in Sources */ = {isa = PBXBuildFile; fileRef = 8DD8B1B222E164B7004B3608 /* FieldSurveyJSONLoader.swift */; };
		8DD8B1B522E165D3004B3608 /* FieldSurvey.swift in Sources */ = {isa = PBXBuildFile; fileRef = 8DD8B1B422E165D3004B3608 /* FieldSurvey.swift */; };
		8DD8B1B722E1668E004B3608 /* FieldSurveyJSONParser.swift in Sources */ = {isa = PBXBuildFile; fileRef = 8DD8B1B622E1668E004B3608 /* FieldSurveyJSONParser.swift */; };
/* End PBXBuildFile section */

/* Begin PBXContainerItemProxy section */
		8DD8B18722E14EDC004B3608 /* PBXContainerItemProxy */ = {
			isa = PBXContainerItemProxy;
			containerPortal = 8DD8B16A22E14EDB004B3608 /* Project object */;
			proxyType = 1;
			remoteGlobalIDString = 8DD8B17122E14EDB004B3608;
			remoteInfo = "Field Survey";
		};
		8DD8B19222E14EDC004B3608 /* PBXContainerItemProxy */ = {
			isa = PBXContainerItemProxy;
			containerPortal = 8DD8B16A22E14EDB004B3608 /* Project object */;
			proxyType = 1;
			remoteGlobalIDString = 8DD8B17122E14EDB004B3608;
			remoteInfo = "Field Survey";
		};
/* End PBXContainerItemProxy section */

/* Begin PBXFileReference section */
		8DD8B17222E14EDB004B3608 /* Field Survey.app */ = {isa = PBXFileReference; explicitFileType = wrapper.application; includeInIndex = 0; path = "Field Survey.app"; sourceTree = BUILT_PRODUCTS_DIR; };
		8DD8B17522E14EDB004B3608 /* AppDelegate.swift */ = {isa = PBXFileReference; lastKnownFileType = sourcecode.swift; path = AppDelegate.swift; sourceTree = "<group>"; };
		8DD8B17A22E14EDB004B3608 /* Base */ = {isa = PBXFileReference; lastKnownFileType = file.storyboard; name = Base; path = Base.lproj/Main.storyboard; sourceTree = "<group>"; };
		8DD8B17C22E14EDC004B3608 /* Assets.xcassets */ = {isa = PBXFileReference; lastKnownFileType = folder.assetcatalog; path = Assets.xcassets; sourceTree = "<group>"; };
		8DD8B17F22E14EDC004B3608 /* Base */ = {isa = PBXFileReference; lastKnownFileType = file.storyboard; name = Base; path = Base.lproj/LaunchScreen.storyboard; sourceTree = "<group>"; };
		8DD8B18122E14EDC004B3608 /* Info.plist */ = {isa = PBXFileReference; lastKnownFileType = text.plist.xml; path = Info.plist; sourceTree = "<group>"; };
		8DD8B18622E14EDC004B3608 /* Field SurveyTests.xctest */ = {isa = PBXFileReference; explicitFileType = wrapper.cfbundle; includeInIndex = 0; path = "Field SurveyTests.xctest"; sourceTree = BUILT_PRODUCTS_DIR; };
		8DD8B18A22E14EDC004B3608 /* Field_SurveyTests.swift */ = {isa = PBXFileReference; lastKnownFileType = sourcecode.swift; path = Field_SurveyTests.swift; sourceTree = "<group>"; };
		8DD8B18C22E14EDC004B3608 /* Info.plist */ = {isa = PBXFileReference; lastKnownFileType = text.plist.xml; path = Info.plist; sourceTree = "<group>"; };
		8DD8B19122E14EDC004B3608 /* Field SurveyUITests.xctest */ = {isa = PBXFileReference; explicitFileType = wrapper.cfbundle; includeInIndex = 0; path = "Field SurveyUITests.xctest"; sourceTree = BUILT_PRODUCTS_DIR; };
		8DD8B19522E14EDC004B3608 /* Field_SurveyUITests.swift */ = {isa = PBXFileReference; lastKnownFileType = sourcecode.swift; path = Field_SurveyUITests.swift; sourceTree = "<group>"; };
		8DD8B19722E14EDC004B3608 /* Info.plist */ = {isa = PBXFileReference; lastKnownFileType = text.plist.xml; path = Info.plist; sourceTree = "<group>"; };
		8DD8B1A322E1542F004B3608 /* FieldSurveyViewController.swift */ = {isa = PBXFileReference; lastKnownFileType = sourcecode.swift; path = FieldSurveyViewController.swift; sourceTree = "<group>"; };
		8DD8B1A522E1546C004B3608 /* FieldSurveyDetailViewController.swift */ = {isa = PBXFileReference; fileEncoding = 4; lastKnownFileType = sourcecode.swift; lineEnding = 0; path = FieldSurveyDetailViewController.swift; sourceTree = "<group>"; };
		8DD8B1AB22E16029004B3608 /* FieldSurveyTableViewCell.swift */ = {isa = PBXFileReference; lastKnownFileType = sourcecode.swift; path = FieldSurveyTableViewCell.swift; sourceTree = "<group>"; };
		8DD8B1AE22E1646E004B3608 /* field_observations.json */ = {isa = PBXFileReference; fileEncoding = 4; lastKnownFileType = text.json; name = field_observations.json; path = "../../../../../../Downloads/Field-Survey-master/Field-Survey/Field-Survey/Model/field_observations.json"; sourceTree = "<group>"; };
		8DD8B1B222E164B7004B3608 /* FieldSurveyJSONLoader.swift */ = {isa = PBXFileReference; lastKnownFileType = sourcecode.swift; path = FieldSurveyJSONLoader.swift; sourceTree = "<group>"; };
		8DD8B1B422E165D3004B3608 /* FieldSurvey.swift */ = {isa = PBXFileReference; lastKnownFileType = sourcecode.swift; path = FieldSurvey.swift; sourceTree = "<group>"; };
		8DD8B1B622E1668E004B3608 /* FieldSurveyJSONParser.swift */ = {isa = PBXFileReference; lastKnownFileType = sourcecode.swift; path = FieldSurveyJSONParser.swift; sourceTree = "<group>"; };
/* End PBXFileReference section */

/* Begin PBXFrameworksBuildPhase section */
		8DD8B16F22E14EDB004B3608 /* Frameworks */ = {
			isa = PBXFrameworksBuildPhase;
			buildActionMask = 2147483647;
			files = (
			);
			runOnlyForDeploymentPostprocessing = 0;
		};
		8DD8B18322E14EDC004B3608 /* Frameworks */ = {
			isa = PBXFrameworksBuildPhase;
			buildActionMask = 2147483647;
			files = (
			);
			runOnlyForDeploymentPostprocessing = 0;
		};
		8DD8B18E22E14EDC004B3608 /* Frameworks */ = {
			isa = PBXFrameworksBuildPhase;
			buildActionMask = 2147483647;
			files = (
			);
			runOnlyForDeploymentPostprocessing = 0;
		};
/* End PBXFrameworksBuildPhase section */

/* Begin PBXGroup section */
		8DD8B16922E14EDB004B3608 = {
			isa = PBXGroup;
			children = (
				8DD8B17422E14EDB004B3608 /* Field Survey */,
				8DD8B18922E14EDC004B3608 /* Field SurveyTests */,
				8DD8B19422E14EDC004B3608 /* Field SurveyUITests */,
				8DD8B17322E14EDB004B3608 /* Products */,
			);
			sourceTree = "<group>";
		};
		8DD8B17322E14EDB004B3608 /* Products */ = {
			isa = PBXGroup;
			children = (
				8DD8B17222E14EDB004B3608 /* Field Survey.app */,
				8DD8B18622E14EDC004B3608 /* Field SurveyTests.xctest */,
				8DD8B19122E14EDC004B3608 /* Field SurveyUITests.xctest */,
			);
			name = Products;
			sourceTree = "<group>";
		};
		8DD8B17422E14EDB004B3608 /* Field Survey */ = {
			isa = PBXGroup;
			children = (
				8DD8B1AD22E16434004B3608 /* Model */,
				8DD8B17522E14EDB004B3608 /* AppDelegate.swift */,
				8DD8B1A322E1542F004B3608 /* FieldSurveyViewController.swift */,
				8DD8B1A522E1546C004B3608 /* FieldSurveyDetailViewController.swift */,
				8DD8B17922E14EDB004B3608 /* Main.storyboard */,
				8DD8B17C22E14EDC004B3608 /* Assets.xcassets */,
				8DD8B17E22E14EDC004B3608 /* LaunchScreen.storyboard */,
				8DD8B18122E14EDC004B3608 /* Info.plist */,
				8DD8B1AB22E16029004B3608 /* FieldSurveyTableViewCell.swift */,
			);
			path = "Field Survey";
			sourceTree = "<group>";
		};
		8DD8B18922E14EDC004B3608 /* Field SurveyTests */ = {
			isa = PBXGroup;
			children = (
				8DD8B18A22E14EDC004B3608 /* Field_SurveyTests.swift */,
				8DD8B18C22E14EDC004B3608 /* Info.plist */,
			);
			path = "Field SurveyTests";
			sourceTree = "<group>";
		};
		8DD8B19422E14EDC004B3608 /* Field SurveyUITests */ = {
			isa = PBXGroup;
			children = (
				8DD8B19522E14EDC004B3608 /* Field_SurveyUITests.swift */,
				8DD8B19722E14EDC004B3608 /* Info.plist */,
			);
			path = "Field SurveyUITests";
			sourceTree = "<group>";
		};
		8DD8B1AD22E16434004B3608 /* Model */ = {
			isa = PBXGroup;
			children = (
				8DD8B1AE22E1646E004B3608 /* field_observations.json */,
				8DD8B1B222E164B7004B3608 /* FieldSurveyJSONLoader.swift */,
				8DD8B1B422E165D3004B3608 /* FieldSurvey.swift */,
				8DD8B1B622E1668E004B3608 /* FieldSurveyJSONParser.swift */,
			);
			path = Model;
			sourceTree = "<group>";
		};
/* End PBXGroup section */

/* Begin PBXNativeTarget section */
		8DD8B17122E14EDB004B3608 /* Field Survey */ = {
			isa = PBXNativeTarget;
			buildConfigurationList = 8DD8B19A22E14EDC004B3608 /* Build configuration list for PBXNativeTarget "Field Survey" */;
			buildPhases = (
				8DD8B16E22E14EDB004B3608 /* Sources */,
				8DD8B16F22E14EDB004B3608 /* Frameworks */,
				8DD8B17022E14EDB004B3608 /* Resources */,
			);
			buildRules = (
			);
			dependencies = (
			);
			name = "Field Survey";
			productName = "Field Survey";
			productReference = 8DD8B17222E14EDB004B3608 /* Field Survey.app */;
			productType = "com.apple.product-type.application";
		};
		8DD8B18522E14EDC004B3608 /* Field SurveyTests */ = {
			isa = PBXNativeTarget;
			buildConfigurationList = 8DD8B19D22E14EDC004B3608 /* Build configuration list for PBXNativeTarget "Field SurveyTests" */;
			buildPhases = (
				8DD8B18222E14EDC004B3608 /* Sources */,
				8DD8B18322E14EDC004B3608 /* Frameworks */,
				8DD8B18422E14EDC004B3608 /* Resources */,
			);
			buildRules = (
			);
			dependencies = (
				8DD8B18822E14EDC004B3608 /* PBXTargetDependency */,
			);
			name = "Field SurveyTests";
			productName = "Field SurveyTests";
			productReference = 8DD8B18622E14EDC004B3608 /* Field SurveyTests.xctest */;
			productType = "com.apple.product-type.bundle.unit-test";
		};
		8DD8B19022E14EDC004B3608 /* Field SurveyUITests */ = {
			isa = PBXNativeTarget;
			buildConfigurationList = 8DD8B1A022E14EDC004B3608 /* Build configuration list for PBXNativeTarget "Field SurveyUITests" */;
			buildPhases = (
				8DD8B18D22E14EDC004B3608 /* Sources */,
				8DD8B18E22E14EDC004B3608 /* Frameworks */,
				8DD8B18F22E14EDC004B3608 /* Resources */,
			);
			buildRules = (
			);
			dependencies = (
				8DD8B19322E14EDC004B3608 /* PBXTargetDependency */,
			);
			name = "Field SurveyUITests";
			productName = "Field SurveyUITests";
			productReference = 8DD8B19122E14EDC004B3608 /* Field SurveyUITests.xctest */;
			productType = "com.apple.product-type.bundle.ui-testing";
		};
/* End PBXNativeTarget section */

/* Begin PBXProject section */
		8DD8B16A22E14EDB004B3608 /* Project object */ = {
			isa = PBXProject;
			attributes = {
				LastSwiftUpdateCheck = 1020;
				LastUpgradeCheck = 1020;
				ORGANIZATIONNAME = "Henry Sills";
				TargetAttributes = {
					8DD8B17122E14EDB004B3608 = {
						CreatedOnToolsVersion = 10.2.1;
					};
					8DD8B18522E14EDC004B3608 = {
						CreatedOnToolsVersion = 10.2.1;
						TestTargetID = 8DD8B17122E14EDB004B3608;
					};
					8DD8B19022E14EDC004B3608 = {
						CreatedOnToolsVersion = 10.2.1;
						TestTargetID = 8DD8B17122E14EDB004B3608;
					};
				};
			};
			buildConfigurationList = 8DD8B16D22E14EDB004B3608 /* Build configuration list for PBXProject "Field Survey" */;
			compatibilityVersion = "Xcode 9.3";
			developmentRegion = en;
			hasScannedForEncodings = 0;
			knownRegions = (
				en,
				Base,
			);
			mainGroup = 8DD8B16922E14EDB004B3608;
			productRefGroup = 8DD8B17322E14EDB004B3608 /* Products */;
			projectDirPath = "";
			projectRoot = "";
			targets = (
				8DD8B17122E14EDB004B3608 /* Field Survey */,
				8DD8B18522E14EDC004B3608 /* Field SurveyTests */,
				8DD8B19022E14EDC004B3608 /* Field SurveyUITests */,
			);
		};
/* End PBXProject section */

/* Begin PBXResourcesBuildPhase section */
		8DD8B17022E14EDB004B3608 /* Resources */ = {
			isa = PBXResourcesBuildPhase;
			buildActionMask = 2147483647;
			files = (
				8DD8B18022E14EDC004B3608 /* LaunchScreen.storyboard in Resources */,
				8DD8B1B022E1646E004B3608 /* field_observations.json in Resources */,
				8DD8B17D22E14EDC004B3608 /* Assets.xcassets in Resources */,
				8DD8B17B22E14EDB004B3608 /* Main.storyboard in Resources */,
			);
			runOnlyForDeploymentPostprocessing = 0;
		};
		8DD8B18422E14EDC004B3608 /* Resources */ = {
			isa = PBXResourcesBuildPhase;
			buildActionMask = 2147483647;
			files = (
			);
			runOnlyForDeploymentPostprocessing = 0;
		};
		8DD8B18F22E14EDC004B3608 /* Resources */ = {
			isa = PBXResourcesBuildPhase;
			buildActionMask = 2147483647;
			files = (
			);
			runOnlyForDeploymentPostprocessing = 0;
		};
/* End PBXResourcesBuildPhase section */

/* Begin PBXSourcesBuildPhase section */
		8DD8B16E22E14EDB004B3608 /* Sources */ = {
			isa = PBXSourcesBuildPhase;
			buildActionMask = 2147483647;
			files = (
				8DD8B1B522E165D3004B3608 /* FieldSurvey.swift in Sources */,
				8DD8B1B322E164B7004B3608 /* FieldSurveyJSONLoader.swift in Sources */,
				8DD8B1A422E1542F004B3608 /* FieldSurveyViewController.swift in Sources */,
				8DD8B17622E14EDB004B3608 /* AppDelegate.swift in Sources */,
				8DD8B1AC22E16029004B3608 /* FieldSurveyTableViewCell.swift in Sources */,
				8DD8B1A622E1546C004B3608 /* FieldSurveyDetailViewController.swift in Sources */,
				8DD8B1B722E1668E004B3608 /* FieldSurveyJSONParser.swift in Sources */,
			);
			runOnlyForDeploymentPostprocessing = 0;
		};
		8DD8B18222E14EDC004B3608 /* Sources */ = {
			isa = PBXSourcesBuildPhase;
			buildActionMask = 2147483647;
			files = (
				8DD8B18B22E14EDC004B3608 /* Field_SurveyTests.swift in Sources */,
			);
			runOnlyForDeploymentPostprocessing = 0;
		};
		8DD8B18D22E14EDC004B3608 /* Sources */ = {
			isa = PBXSourcesBuildPhase;
			buildActionMask = 2147483647;
			files = (
				8DD8B1AA22E15D1B004B3608 /* FieldSurveyDetailViewController.swift in Sources */,
				8DD8B19622E14EDC004B3608 /* Field_SurveyUITests.swift in Sources */,
			);
			runOnlyForDeploymentPostprocessing = 0;
		};
/* End PBXSourcesBuildPhase section */

/* Begin PBXTargetDependency section */
		8DD8B18822E14EDC004B3608 /* PBXTargetDependency */ = {
			isa = PBXTargetDependency;
			target = 8DD8B17122E14EDB004B3608 /* Field Survey */;
			targetProxy = 8DD8B18722E14EDC004B3608 /* PBXContainerItemProxy */;
		};
		8DD8B19322E14EDC004B3608 /* PBXTargetDependency */ = {
			isa = PBXTargetDependency;
			target = 8DD8B17122E14EDB004B3608 /* Field Survey */;
			targetProxy = 8DD8B19222E14EDC004B3608 /* PBXContainerItemProxy */;
		};
/* End PBXTargetDependency section */

/* Begin PBXVariantGroup section */
		8DD8B17922E14EDB004B3608 /* Main.storyboard */ = {
			isa = PBXVariantGroup;
			children = (
				8DD8B17A22E14EDB004B3608 /* Base */,
			);
			name = Main.storyboard;
			sourceTree = "<group>";
		};
		8DD8B17E22E14EDC004B3608 /* LaunchScreen.storyboard */ = {
			isa = PBXVariantGroup;
			children = (
				8DD8B17F22E14EDC004B3608 /* Base */,
			);
			name = LaunchScreen.storyboard;
			sourceTree = "<group>";
		};
/* End PBXVariantGroup section */

/* Begin XCBuildConfiguration section */
		8DD8B19822E14EDC004B3608 /* Debug */ = {
			isa = XCBuildConfiguration;
			buildSettings = {
				ALWAYS_SEARCH_USER_PATHS = NO;
				CLANG_ANALYZER_NONNULL = YES;
				CLANG_ANALYZER_NUMBER_OBJECT_CONVERSION = YES_AGGRESSIVE;
				CLANG_CXX_LANGUAGE_STANDARD = "gnu++14";
				CLANG_CXX_LIBRARY = "libc++";
				CLANG_ENABLE_MODULES = YES;
				CLANG_ENABLE_OBJC_ARC = YES;
				CLANG_ENABLE_OBJC_WEAK = YES;
				CLANG_WARN_BLOCK_CAPTURE_AUTORELEASING = YES;
				CLANG_WARN_BOOL_CONVERSION = YES;
				CLANG_WARN_COMMA = YES;
				CLANG_WARN_CONSTANT_CONVERSION = YES;
				CLANG_WARN_DEPRECATED_OBJC_IMPLEMENTATIONS = YES;
				CLANG_WARN_DIRECT_OBJC_ISA_USAGE = YES_ERROR;
				CLANG_WARN_DOCUMENTATION_COMMENTS = YES;
				CLANG_WARN_EMPTY_BODY = YES;
				CLANG_WARN_ENUM_CONVERSION = YES;
				CLANG_WARN_INFINITE_RECURSION = YES;
				CLANG_WARN_INT_CONVERSION = YES;
				CLANG_WARN_NON_LITERAL_NULL_CONVERSION = YES;
				CLANG_WARN_OBJC_IMPLICIT_RETAIN_SELF = YES;
				CLANG_WARN_OBJC_LITERAL_CONVERSION = YES;
				CLANG_WARN_OBJC_ROOT_CLASS = YES_ERROR;
				CLANG_WARN_RANGE_LOOP_ANALYSIS = YES;
				CLANG_WARN_STRICT_PROTOTYPES = YES;
				CLANG_WARN_SUSPICIOUS_MOVE = YES;
				CLANG_WARN_UNGUARDED_AVAILABILITY = YES_AGGRESSIVE;
				CLANG_WARN_UNREACHABLE_CODE = YES;
				CLANG_WARN__DUPLICATE_METHOD_MATCH = YES;
				CODE_SIGN_IDENTITY = "iPhone Developer";
				COPY_PHASE_STRIP = NO;
				DEBUG_INFORMATION_FORMAT = dwarf;
				ENABLE_STRICT_OBJC_MSGSEND = YES;
				ENABLE_TESTABILITY = YES;
				GCC_C_LANGUAGE_STANDARD = gnu11;
				GCC_DYNAMIC_NO_PIC = NO;
				GCC_NO_COMMON_BLOCKS = YES;
				GCC_OPTIMIZATION_LEVEL = 0;
				GCC_PREPROCESSOR_DEFINITIONS = (
					"DEBUG=1",
					"$(inherited)",
				);
				GCC_WARN_64_TO_32_BIT_CONVERSION = YES;
				GCC_WARN_ABOUT_RETURN_TYPE = YES_ERROR;
				GCC_WARN_UNDECLARED_SELECTOR = YES;
				GCC_WARN_UNINITIALIZED_AUTOS = YES_AGGRESSIVE;
				GCC_WARN_UNUSED_FUNCTION = YES;
				GCC_WARN_UNUSED_VARIABLE = YES;
				IPHONEOS_DEPLOYMENT_TARGET = 12.2;
				MTL_ENABLE_DEBUG_INFO = INCLUDE_SOURCE;
				MTL_FAST_MATH = YES;
				ONLY_ACTIVE_ARCH = YES;
				SDKROOT = iphoneos;
				SWIFT_ACTIVE_COMPILATION_CONDITIONS = DEBUG;
				SWIFT_OPTIMIZATION_LEVEL = "-Onone";
			};
			name = Debug;
		};
		8DD8B19922E14EDC004B3608 /* Release */ = {
			isa = XCBuildConfiguration;
			buildSettings = {
				ALWAYS_SEARCH_USER_PATHS = NO;
				CLANG_ANALYZER_NONNULL = YES;
				CLANG_ANALYZER_NUMBER_OBJECT_CONVERSION = YES_AGGRESSIVE;
				CLANG_CXX_LANGUAGE_STANDARD = "gnu++14";
				CLANG_CXX_LIBRARY = "libc++";
				CLANG_ENABLE_MODULES = YES;
				CLANG_ENABLE_OBJC_ARC = YES;
				CLANG_ENABLE_OBJC_WEAK = YES;
				CLANG_WARN_BLOCK_CAPTURE_AUTORELEASING = YES;
				CLANG_WARN_BOOL_CONVERSION = YES;
				CLANG_WARN_COMMA = YES;
				CLANG_WARN_CONSTANT_CONVERSION = YES;
				CLANG_WARN_DEPRECATED_OBJC_IMPLEMENTATIONS = YES;
				CLANG_WARN_DIRECT_OBJC_ISA_USAGE = YES_ERROR;
				CLANG_WARN_DOCUMENTATION_COMMENTS = YES;
				CLANG_WARN_EMPTY_BODY = YES;
				CLANG_WARN_ENUM_CONVERSION = YES;
				CLANG_WARN_INFINITE_RECURSION = YES;
				CLANG_WARN_INT_CONVERSION = YES;
				CLANG_WARN_NON_LITERAL_NULL_CONVERSION = YES;
				CLANG_WARN_OBJC_IMPLICIT_RETAIN_SELF = YES;
				CLANG_WARN_OBJC_LITERAL_CONVERSION = YES;
				CLANG_WARN_OBJC_ROOT_CLASS = YES_ERROR;
				CLANG_WARN_RANGE_LOOP_ANALYSIS = YES;
				CLANG_WARN_STRICT_PROTOTYPES = YES;
				CLANG_WARN_SUSPICIOUS_MOVE = YES;
				CLANG_WARN_UNGUARDED_AVAILABILITY = YES_AGGRESSIVE;
				CLANG_WARN_UNREACHABLE_CODE = YES;
				CLANG_WARN__DUPLICATE_METHOD_MATCH = YES;
				CODE_SIGN_IDENTITY = "iPhone Developer";
				COPY_PHASE_STRIP = NO;
				DEBUG_INFORMATION_FORMAT = "dwarf-with-dsym";
				ENABLE_NS_ASSERTIONS = NO;
				ENABLE_STRICT_OBJC_MSGSEND = YES;
				GCC_C_LANGUAGE_STANDARD = gnu11;
				GCC_NO_COMMON_BLOCKS = YES;
				GCC_WARN_64_TO_32_BIT_CONVERSION = YES;
				GCC_WARN_ABOUT_RETURN_TYPE = YES_ERROR;
				GCC_WARN_UNDECLARED_SELECTOR = YES;
				GCC_WARN_UNINITIALIZED_AUTOS = YES_AGGRESSIVE;
				GCC_WARN_UNUSED_FUNCTION = YES;
				GCC_WARN_UNUSED_VARIABLE = YES;
				IPHONEOS_DEPLOYMENT_TARGET = 12.2;
				MTL_ENABLE_DEBUG_INFO = NO;
				MTL_FAST_MATH = YES;
				SDKROOT = iphoneos;
				SWIFT_COMPILATION_MODE = wholemodule;
				SWIFT_OPTIMIZATION_LEVEL = "-O";
				VALIDATE_PRODUCT = YES;
			};
			name = Release;
		};
		8DD8B19B22E14EDC004B3608 /* Debug */ = {
			isa = XCBuildConfiguration;
			buildSettings = {
				ASSETCATALOG_COMPILER_APPICON_NAME = AppIcon;
				CODE_SIGN_STYLE = Automatic;
				DEVELOPMENT_TEAM = 627YPSFA5B;
				INFOPLIST_FILE = "Field Survey/Info.plist";
				LD_RUNPATH_SEARCH_PATHS = (
					"$(inherited)",
					"@executable_path/Frameworks",
				);
				PRODUCT_BUNDLE_IDENTIFIER = "edu.missouri.Field-Survey";
				PRODUCT_NAME = "$(TARGET_NAME)";
				SWIFT_VERSION = 5.0;
				TARGETED_DEVICE_FAMILY = "1,2";
			};
			name = Debug;
		};
		8DD8B19C22E14EDC004B3608 /* Release */ = {
			isa = XCBuildConfiguration;
			buildSettings = {
				ASSETCATALOG_COMPILER_APPICON_NAME = AppIcon;
				CODE_SIGN_STYLE = Automatic;
				DEVELOPMENT_TEAM = 627YPSFA5B;
				INFOPLIST_FILE = "Field Survey/Info.plist";
				LD_RUNPATH_SEARCH_PATHS = (
					"$(inherited)",
					"@executable_path/Frameworks",
				);
				PRODUCT_BUNDLE_IDENTIFIER = "edu.missouri.Field-Survey";
				PRODUCT_NAME = "$(TARGET_NAME)";
				SWIFT_VERSION = 5.0;
				TARGETED_DEVICE_FAMILY = "1,2";
			};
			name = Release;
		};
		8DD8B19E22E14EDC004B3608 /* Debug */ = {
			isa = XCBuildConfiguration;
			buildSettings = {
				ALWAYS_EMBED_SWIFT_STANDARD_LIBRARIES = YES;
				BUNDLE_LOADER = "$(TEST_HOST)";
				CODE_SIGN_STYLE = Automatic;
				DEVELOPMENT_TEAM = 627YPSFA5B;
				INFOPLIST_FILE = "Field SurveyTests/Info.plist";
				LD_RUNPATH_SEARCH_PATHS = (
					"$(inherited)",
					"@executable_path/Frameworks",
					"@loader_path/Frameworks",
				);
				PRODUCT_BUNDLE_IDENTIFIER = "edu.missouri.Field-SurveyTests";
				PRODUCT_NAME = "$(TARGET_NAME)";
				SWIFT_VERSION = 5.0;
				TARGETED_DEVICE_FAMILY = "1,2";
				TEST_HOST = "$(BUILT_PRODUCTS_DIR)/Field Survey.app/Field Survey";
			};
			name = Debug;
		};
		8DD8B19F22E14EDC004B3608 /* Release */ = {
			isa = XCBuildConfiguration;
			buildSettings = {
				ALWAYS_EMBED_SWIFT_STANDARD_LIBRARIES = YES;
				BUNDLE_LOADER = "$(TEST_HOST)";
				CODE_SIGN_STYLE = Automatic;
				DEVELOPMENT_TEAM = 627YPSFA5B;
				INFOPLIST_FILE = "Field SurveyTests/Info.plist";
				LD_RUNPATH_SEARCH_PATHS = (
					"$(inherited)",
					"@executable_path/Frameworks",
					"@loader_path/Frameworks",
				);
				PRODUCT_BUNDLE_IDENTIFIER = "edu.missouri.Field-SurveyTests";
				PRODUCT_NAME = "$(TARGET_NAME)";
				SWIFT_VERSION = 5.0;
				TARGETED_DEVICE_FAMILY = "1,2";
				TEST_HOST = "$(BUILT_PRODUCTS_DIR)/Field Survey.app/Field Survey";
			};
			name = Release;
		};
		8DD8B1A122E14EDC004B3608 /* Debug */ = {
			isa = XCBuildConfiguration;
			buildSettings = {
				ALWAYS_EMBED_SWIFT_STANDARD_LIBRARIES = YES;
				CODE_SIGN_STYLE = Automatic;
				DEVELOPMENT_TEAM = 627YPSFA5B;
				INFOPLIST_FILE = "Field SurveyUITests/Info.plist";
				LD_RUNPATH_SEARCH_PATHS = (
					"$(inherited)",
					"@executable_path/Frameworks",
					"@loader_path/Frameworks",
				);
				PRODUCT_BUNDLE_IDENTIFIER = "edu.missouri.Field-SurveyUITests";
				PRODUCT_NAME = "$(TARGET_NAME)";
				SWIFT_VERSION = 5.0;
				TARGETED_DEVICE_FAMILY = "1,2";
				TEST_TARGET_NAME = "Field Survey";
			};
			name = Debug;
		};
		8DD8B1A222E14EDC004B3608 /* Release */ = {
			isa = XCBuildConfiguration;
			buildSettings = {
				ALWAYS_EMBED_SWIFT_STANDARD_LIBRARIES = YES;
				CODE_SIGN_STYLE = Automatic;
				DEVELOPMENT_TEAM = 627YPSFA5B;
				INFOPLIST_FILE = "Field SurveyUITests/Info.plist";
				LD_RUNPATH_SEARCH_PATHS = (
					"$(inherited)",
					"@executable_path/Frameworks",
					"@loader_path/Frameworks",
				);
				PRODUCT_BUNDLE_IDENTIFIER = "edu.missouri.Field-SurveyUITests";
				PRODUCT_NAME = "$(TARGET_NAME)";
				SWIFT_VERSION = 5.0;
				TARGETED_DEVICE_FAMILY = "1,2";
				TEST_TARGET_NAME = "Field Survey";
			};
			name = Release;
		};
/* End XCBuildConfiguration section */

/* Begin XCConfigurationList section */
		8DD8B16D22E14EDB004B3608 /* Build configuration list for PBXProject "Field Survey" */ = {
			isa = XCConfigurationList;
			buildConfigurations = (
				8DD8B19822E14EDC004B3608 /* Debug */,
				8DD8B19922E14EDC004B3608 /* Release */,
			);
			defaultConfigurationIsVisible = 0;
			defaultConfigurationName = Release;
		};
		8DD8B19A22E14EDC004B3608 /* Build configuration list for PBXNativeTarget "Field Survey" */ = {
			isa = XCConfigurationList;
			buildConfigurations = (
				8DD8B19B22E14EDC004B3608 /* Debug */,
				8DD8B19C22E14EDC004B3608 /* Release */,
			);
			defaultConfigurationIsVisible = 0;
			defaultConfigurationName = Release;
		};
		8DD8B19D22E14EDC004B3608 /* Build configuration list for PBXNativeTarget "Field SurveyTests" */ = {
			isa = XCConfigurationList;
			buildConfigurations = (
				8DD8B19E22E14EDC004B3608 /* Debug */,
				8DD8B19F22E14EDC004B3608 /* Release */,
			);
			defaultConfigurationIsVisible = 0;
			defaultConfigurationName = Release;
		};
		8DD8B1A022E14EDC004B3608 /* Build configuration list for PBXNativeTarget "Field SurveyUITests" */ = {
			isa = XCConfigurationList;
			buildConfigurations = (
				8DD8B1A122E14EDC004B3608 /* Debug */,
				8DD8B1A222E14EDC004B3608 /* Release */,
			);
			defaultConfigurationIsVisible = 0;
			defaultConfigurationName = Release;
		};
/* End XCConfigurationList section */
	};
	rootObject = 8DD8B16A22E14EDB004B3608 /* Project object */;
}
